
Microsoft Visual Studio Solution File, Format Version 11.00
# Visual Studio 2010
Project("{FAE04EC0-301F-11D3-BF4B-00C04F79EFBC}") = "RPA.Client.Forms", "RPA.Client.Forms\RPA.Client.Forms.csproj", "{F4ECDF4D-D29B-492F-B6E9-1D1979EB3B21}"
	ProjectSection(ProjectDependencies) = postProject
		{9E00686C-190F-4808-8C33-46A3F604E1F8} = {9E00686C-190F-4808-8C33-46A3F604E1F8}
	EndProjectSection
EndProject
Project("{FAE04EC0-301F-11D3-BF4B-00C04F79EFBC}") = "RPA.Client.Forms.Core", "RPA.Client.Forms.Core\RPA.Client.Forms.Core.csproj", "{C7FAC28A-E88F-458D-A74A-33F22D936590}"
EndProject
Project("{FAE04EC0-301F-11D3-BF4B-00C04F79EFBC}") = "RPA.Model", "RPA.Model\RPA.Model.csproj", "{8477BC98-719A-457C-AB98-C016454A2095}"
EndProject
Project("{FAE04EC0-301F-11D3-BF4B-00C04F79EFBC}") = "RPA.Data", "RPA.Data\RPA.Data.csproj", "{E534095D-C777-4765-B6E9-5DD333993054}"
EndProject
Project("{FAE04EC0-301F-11D3-BF4B-00C04F79EFBC}") = "RPA.Business", "RPA.Business\RPA.Business.csproj", "{9E00686C-190F-4808-8C33-46A3F604E1F8}"
EndProject
Project("{FAE04EC0-301F-11D3-BF4B-00C04F79EFBC}") = "RPA.Application", "RPA.Application\RPA.Application.csproj", "{0ED6647C-821E-419D-BFA7-DE514545D848}"
EndProject
Project("{FAE04EC0-301F-11D3-BF4B-00C04F79EFBC}") = "RPA.Core", "RPA.Core\RPA.Core.csproj", "{C6711B70-CAEE-4459-8328-6655243F024C}"
EndProject
Project("{FAE04EC0-301F-11D3-BF4B-00C04F79EFBC}") = "TestConsole", "TestConsole\TestConsole.csproj", "{22D3C331-1966-416E-8D2E-EF9BAFD61303}"
EndProject
Project("{FAE04EC0-301F-11D3-BF4B-00C04F79EFBC}") = "RPA.Presentation", "RPA.Presentation\RPA.Presentation.csproj", "{7FBFD232-6C6E-4A2B-AB85-F8EED7BCB783}"
EndProject
Global
	GlobalSection(SolutionConfigurationPlatforms) = preSolution
		Debug|Any CPU = Debug|Any CPU
		Debug|Mixed Platforms = Debug|Mixed Platforms
		Debug|x86 = Debug|x86
		Release|Any CPU = Release|Any CPU
		Release|Mixed Platforms = Release|Mixed Platforms
		Release|x86 = Release|x86
	EndGlobalSection
	GlobalSection(ProjectConfigurationPlatforms) = postSolution
		{F4ECDF4D-D29B-492F-B6E9-1D1979EB3B21}.Debug|Any CPU.ActiveCfg = Debug|x86
		{F4ECDF4D-D29B-492F-B6E9-1D1979EB3B21}.Debug|Any CPU.Build.0 = Debug|x86
		{F4ECDF4D-D29B-492F-B6E9-1D1979EB3B21}.Debug|Mixed Platforms.ActiveCfg = Debug|x86
		{F4ECDF4D-D29B-492F-B6E9-1D1979EB3B21}.Debug|Mixed Platforms.Build.0 = Debug|x86
		{F4ECDF4D-D29B-492F-B6E9-1D1979EB3B21}.Debug|x86.ActiveCfg = Debug|x86
		{F4ECDF4D-D29B-492F-B6E9-1D1979EB3B21}.Debug|x86.Build.0 = Debug|x86
		{F4ECDF4D-D29B-492F-B6E9-1D1979EB3B21}.Release|Any CPU.ActiveCfg = Release|x86
		{F4ECDF4D-D29B-492F-B6E9-1D1979EB3B21}.Release|Mixed Platforms.ActiveCfg = Release|x86
		{F4ECDF4D-D29B-492F-B6E9-1D1979EB3B21}.Release|Mixed Platforms.Build.0 = Release|x86
		{F4ECDF4D-D29B-492F-B6E9-1D1979EB3B21}.Release|x86.ActiveCfg = Release|x86
		{F4ECDF4D-D29B-492F-B6E9-1D1979EB3B21}.Release|x86.Build.0 = Release|x86
		{C7FAC28A-E88F-458D-A74A-33F22D936590}.Debug|Any CPU.ActiveCfg = Debug|Any CPU
		{C7FAC28A-E88F-458D-A74A-33F22D936590}.Debug|Any CPU.Build.0 = Debug|Any CPU
		{C7FAC28A-E88F-458D-A74A-33F22D936590}.Debug|Mixed Platforms.ActiveCfg = Debug|Any CPU
		{C7FAC28A-E88F-458D-A74A-33F22D936590}.Debug|Mixed Platforms.Build.0 = Debug|Any CPU
		{C7FAC28A-E88F-458D-A74A-33F22D936590}.Debug|x86.ActiveCfg = Debug|Any CPU
		{C7FAC28A-E88F-458D-A74A-33F22D936590}.Release|Any CPU.ActiveCfg = Release|Any CPU
		{C7FAC28A-E88F-458D-A74A-33F22D936590}.Release|Any CPU.Build.0 = Release|Any CPU
		{C7FAC28A-E88F-458D-A74A-33F22D936590}.Release|Mixed Platforms.ActiveCfg = Release|Any CPU
		{C7FAC28A-E88F-458D-A74A-33F22D936590}.Release|Mixed Platforms.Build.0 = Release|Any CPU
		{C7FAC28A-E88F-458D-A74A-33F22D936590}.Release|x86.ActiveCfg = Release|Any CPU
		{8477BC98-719A-457C-AB98-C016454A2095}.Debug|Any CPU.ActiveCfg = Debug|Any CPU
		{8477BC98-719A-457C-AB98-C016454A2095}.Debug|Any CPU.Build.0 = Debug|Any CPU
		{8477BC98-719A-457C-AB98-C016454A2095}.Debug|Mixed Platforms.ActiveCfg = Debug|Any CPU
		{8477BC98-719A-457C-AB98-C016454A2095}.Debug|Mixed Platforms.Build.0 = Debug|Any CPU
		{8477BC98-719A-457C-AB98-C016454A2095}.Debug|x86.ActiveCfg = Debug|Any CPU
		{8477BC98-719A-457C-AB98-C016454A2095}.Release|Any CPU.ActiveCfg = Release|Any CPU
		{8477BC98-719A-457C-AB98-C016454A2095}.Release|Any CPU.Build.0 = Release|Any CPU
		{8477BC98-719A-457C-AB98-C016454A2095}.Release|Mixed Platforms.ActiveCfg = Release|Any CPU
		{8477BC98-719A-457C-AB98-C016454A2095}.Release|Mixed Platforms.Build.0 = Release|Any CPU
		{8477BC98-719A-457C-AB98-C016454A2095}.Release|x86.ActiveCfg = Release|Any CPU
		{E534095D-C777-4765-B6E9-5DD333993054}.Debug|Any CPU.ActiveCfg = Debug|Any CPU
		{E534095D-C777-4765-B6E9-5DD333993054}.Debug|Any CPU.Build.0 = Debug|Any CPU
		{E534095D-C777-4765-B6E9-5DD333993054}.Debug|Mixed Platforms.ActiveCfg = Debug|Any CPU
		{E534095D-C777-4765-B6E9-5DD333993054}.Debug|Mixed Platforms.Build.0 = Debug|Any CPU
		{E534095D-C777-4765-B6E9-5DD333993054}.Debug|x86.ActiveCfg = Debug|Any CPU
		{E534095D-C777-4765-B6E9-5DD333993054}.Release|Any CPU.ActiveCfg = Release|Any CPU
		{E534095D-C777-4765-B6E9-5DD333993054}.Release|Any CPU.Build.0 = Release|Any CPU
		{E534095D-C777-4765-B6E9-5DD333993054}.Release|Mixed Platforms.ActiveCfg = Release|Any CPU
		{E534095D-C777-4765-B6E9-5DD333993054}.Release|Mixed Platforms.Build.0 = Release|Any CPU
		{E534095D-C777-4765-B6E9-5DD333993054}.Release|x86.ActiveCfg = Release|Any CPU
		{9E00686C-190F-4808-8C33-46A3F604E1F8}.Debug|Any CPU.ActiveCfg = Debug|Any CPU
		{9E00686C-190F-4808-8C33-46A3F604E1F8}.Debug|Any CPU.Build.0 = Debug|Any CPU
		{9E00686C-190F-4808-8C33-46A3F604E1F8}.Debug|Mixed Platforms.ActiveCfg = Debug|Any CPU
		{9E00686C-190F-4808-8C33-46A3F604E1F8}.Debug|Mixed Platforms.Build.0 = Debug|Any CPU
		{9E00686C-190F-4808-8C33-46A3F604E1F8}.Debug|x86.ActiveCfg = Debug|Any CPU
		{9E00686C-190F-4808-8C33-46A3F604E1F8}.Release|Any CPU.ActiveCfg = Release|Any CPU
		{9E00686C-190F-4808-8C33-46A3F604E1F8}.Release|Any CPU.Build.0 = Release|Any CPU
		{9E00686C-190F-4808-8C33-46A3F604E1F8}.Release|Mixed Platforms.ActiveCfg = Release|Any CPU
		{9E00686C-190F-4808-8C33-46A3F604E1F8}.Release|Mixed Platforms.Build.0 = Release|Any CPU
		{9E00686C-190F-4808-8C33-46A3F604E1F8}.Release|x86.ActiveCfg = Release|Any CPU
		{0ED6647C-821E-419D-BFA7-DE514545D848}.Debug|Any CPU.ActiveCfg = Debug|Any CPU
		{0ED6647C-821E-419D-BFA7-DE514545D848}.Debug|Any CPU.Build.0 = Debug|Any CPU
		{0ED6647C-821E-419D-BFA7-DE514545D848}.Debug|Mixed Platforms.ActiveCfg = Debug|Any CPU
		{0ED6647C-821E-419D-BFA7-DE514545D848}.Debug|Mixed Platforms.Build.0 = Debug|Any CPU
		{0ED6647C-821E-419D-BFA7-DE514545D848}.Debug|x86.ActiveCfg = Debug|Any CPU
		{0ED6647C-821E-419D-BFA7-DE514545D848}.Release|Any CPU.ActiveCfg = Release|Any CPU
		{0ED6647C-821E-419D-BFA7-DE514545D848}.Release|Any CPU.Build.0 = Release|Any CPU
		{0ED6647C-821E-419D-BFA7-DE514545D848}.Release|Mixed Platforms.ActiveCfg = Release|Any CPU
		{0ED6647C-821E-419D-BFA7-DE514545D848}.Release|Mixed Platforms.Build.0 = Release|Any CPU
		{0ED6647C-821E-419D-BFA7-DE514545D848}.Release|x86.ActiveCfg = Release|Any CPU
		{C6711B70-CAEE-4459-8328-6655243F024C}.Debug|Any CPU.ActiveCfg = Debug|Any CPU
		{C6711B70-CAEE-4459-8328-6655243F024C}.Debug|Any CPU.Build.0 = Debug|Any CPU
		{C6711B70-CAEE-4459-8328-6655243F024C}.Debug|Mixed Platforms.ActiveCfg = Debug|Any CPU
		{C6711B70-CAEE-4459-8328-6655243F024C}.Debug|Mixed Platforms.Build.0 = Debug|Any CPU
		{C6711B70-CAEE-4459-8328-6655243F024C}.Debug|x86.ActiveCfg = Debug|Any CPU
		{C6711B70-CAEE-4459-8328-6655243F024C}.Release|Any CPU.ActiveCfg = Release|Any CPU
		{C6711B70-CAEE-4459-8328-6655243F024C}.Release|Any CPU.Build.0 = Release|Any CPU
		{C6711B70-CAEE-4459-8328-6655243F024C}.Release|Mixed Platforms.ActiveCfg = Release|Any CPU
		{C6711B70-CAEE-4459-8328-6655243F024C}.Release|Mixed Platforms.Build.0 = Release|Any CPU
		{C6711B70-CAEE-4459-8328-6655243F024C}.Release|x86.ActiveCfg = Release|Any CPU
		{22D3C331-1966-416E-8D2E-EF9BAFD61303}.Debug|Any CPU.ActiveCfg = Debug|x86
		{22D3C331-1966-416E-8D2E-EF9BAFD61303}.Debug|Mixed Platforms.ActiveCfg = Debug|x86
		{22D3C331-1966-416E-8D2E-EF9BAFD61303}.Debug|Mixed Platforms.Build.0 = Debug|x86
		{22D3C331-1966-416E-8D2E-EF9BAFD61303}.Debug|x86.ActiveCfg = Debug|x86
		{22D3C331-1966-416E-8D2E-EF9BAFD61303}.Debug|x86.Build.0 = Debug|x86
		{22D3C331-1966-416E-8D2E-EF9BAFD61303}.Release|Any CPU.ActiveCfg = Release|x86
		{22D3C331-1966-416E-8D2E-EF9BAFD61303}.Release|Mixed Platforms.ActiveCfg = Release|x86
		{22D3C331-1966-416E-8D2E-EF9BAFD61303}.Release|Mixed Platforms.Build.0 = Release|x86
		{22D3C331-1966-416E-8D2E-EF9BAFD61303}.Release|x86.ActiveCfg = Release|x86
		{22D3C331-1966-416E-8D2E-EF9BAFD61303}.Release|x86.Build.0 = Release|x86
		{7FBFD232-6C6E-4A2B-AB85-F8EED7BCB783}.Debug|Any CPU.ActiveCfg = Debug|Any CPU
		{7FBFD232-6C6E-4A2B-AB85-F8EED7BCB783}.Debug|Any CPU.Build.0 = Debug|Any CPU
		{7FBFD232-6C6E-4A2B-AB85-F8EED7BCB783}.Debug|Mixed Platforms.ActiveCfg = Debug|Any CPU
		{7FBFD232-6C6E-4A2B-AB85-F8EED7BCB783}.Debug|Mixed Platforms.Build.0 = Debug|Any CPU
		{7FBFD232-6C6E-4A2B-AB85-F8EED7BCB783}.Debug|x86.ActiveCfg = Debug|Any CPU
		{7FBFD232-6C6E-4A2B-AB85-F8EED7BCB783}.Release|Any CPU.ActiveCfg = Release|Any CPU
		{7FBFD232-6C6E-4A2B-AB85-F8EED7BCB783}.Release|Any CPU.Build.0 = Release|Any CPU
		{7FBFD232-6C6E-4A2B-AB85-F8EED7BCB783}.Release|Mixed Platforms.ActiveCfg = Release|Any CPU
		{7FBFD232-6C6E-4A2B-AB85-F8EED7BCB783}.Release|Mixed Platforms.Build.0 = Release|Any CPU
		{7FBFD232-6C6E-4A2B-AB85-F8EED7BCB783}.Release|x86.ActiveCfg = Release|Any CPU
	EndGlobalSection
	GlobalSection(SolutionProperties) = preSolution
		HideSolutionNode = FALSE
	EndGlobalSection
EndGlobal
